
Microsoft Visual Studio Solution File, Format Version 12.00
# Visual Studio Version 16
VisualStudioVersion = 16.0.29215.179
MinimumVisualStudioVersion = 10.0.40219.1
Project("{FAE04EC0-301F-11D3-BF4B-00C04F79EFBC}") = "TodoApi", "TodoApi\TodoApi.csproj", "{3098FEBA-74AD-4253-9D18-56E2112B5DE5}"
EndProject
Global
	GlobalSection(SolutionConfigurationPlatforms) = preSolution
		Debug|Any CPU = Debug|Any CPU
		Release|Any CPU = Release|Any CPU
	EndGlobalSection
	GlobalSection(ProjectConfigurationPlatforms) = postSolution
		{3098FEBA-74AD-4253-9D18-56E2112B5DE5}.Debug|Any CPU.ActiveCfg = Debug|Any CPU
		{3098FEBA-74AD-4253-9D18-56E2112B5DE5}.Debug|Any CPU.Build.0 = Debug|Any CPU
		{3098FEBA-74AD-4253-9D18-56E2112B5DE5}.Release|Any CPU.ActiveCfg = Release|Any CPU
		{3098FEBA-74AD-4253-9D18-56E2112B5DE5}.Release|Any CPU.Build.0 = Release|Any CPU
	EndGlobalSection
	GlobalSection(SolutionProperties) = preSolution
		HideSolutionNode = FALSE
	EndGlobalSection
	GlobalSection(ExtensibilityGlobals) = postSolution
		SolutionGuid = {61C0DABE-B9E0-4F55-AC49-55F337758A22}
	EndGlobalSection
EndGlobal
